
Microsoft Visual Studio Solution File, Format Version 12.00
# Visual Studio Version 16
VisualStudioVersion = 16.0.31605.320
MinimumVisualStudioVersion = 10.0.40219.1
Project("{2150E333-8FDC-42A3-9474-1A3956D46DE8}") = "Services", "Services", "{B1404751-F193-4A83-81FE-4CDEF5A00BDA}"
EndProject
Project("{2150E333-8FDC-42A3-9474-1A3956D46DE8}") = "Catalog", "Catalog", "{88BB1BA9-5F5A-4526-8BC8-DF9FBF5967D0}"
EndProject
Project("{9A19103F-16F7-4668-BE54-9A1E7A4F7556}") = "Catalog.Api", "Services\Catalog\Catalog.Api\Catalog.Api.csproj", "{760257C4-F772-4353-9DEF-4CD778C4F357}"
EndProject
Project("{E53339B2-1760-4266-BCC7-CA923CBCF16C}") = "docker-compose", "docker-compose.dcproj", "{64D29A40-C5A7-4FF3-8DEA-72F876C40B25}"
EndProject
Project("{2150E333-8FDC-42A3-9474-1A3956D46DE8}") = "Basket", "Basket", "{65342EB3-73A6-44D3-8110-026E40ADAFFB}"
EndProject
Project("{9A19103F-16F7-4668-BE54-9A1E7A4F7556}") = "Basket.Api", "Services\Basket\Basket.Api\Basket.Api.csproj", "{2551B481-AA79-4A54-BA2D-1AE40E2B3AA6}"
EndProject
Project("{2150E333-8FDC-42A3-9474-1A3956D46DE8}") = "Discount", "Discount", "{C521FF3C-9EE2-4AFA-B452-C1B25A89E1A6}"
EndProject
Project("{9A19103F-16F7-4668-BE54-9A1E7A4F7556}") = "Discount.Api", "Services\Discount\Discount.Api\Discount.Api.csproj", "{4F1307B5-F7D9-46CE-9CDF-207B4E2E8AFC}"
EndProject
Project("{9A19103F-16F7-4668-BE54-9A1E7A4F7556}") = "Discount.Grpc", "Services\Discount\Discount.Grpc\Discount.Grpc.csproj", "{600C2311-DB28-4FC1-A67F-AF92D4261060}"
EndProject
Global
	GlobalSection(SolutionConfigurationPlatforms) = preSolution
		Debug|Any CPU = Debug|Any CPU
		Release|Any CPU = Release|Any CPU
	EndGlobalSection
	GlobalSection(ProjectConfigurationPlatforms) = postSolution
		{760257C4-F772-4353-9DEF-4CD778C4F357}.Debug|Any CPU.ActiveCfg = Debug|Any CPU
		{760257C4-F772-4353-9DEF-4CD778C4F357}.Debug|Any CPU.Build.0 = Debug|Any CPU
		{760257C4-F772-4353-9DEF-4CD778C4F357}.Release|Any CPU.ActiveCfg = Release|Any CPU
		{760257C4-F772-4353-9DEF-4CD778C4F357}.Release|Any CPU.Build.0 = Release|Any CPU
		{64D29A40-C5A7-4FF3-8DEA-72F876C40B25}.Debug|Any CPU.ActiveCfg = Debug|Any CPU
		{64D29A40-C5A7-4FF3-8DEA-72F876C40B25}.Debug|Any CPU.Build.0 = Debug|Any CPU
		{64D29A40-C5A7-4FF3-8DEA-72F876C40B25}.Release|Any CPU.ActiveCfg = Release|Any CPU
		{64D29A40-C5A7-4FF3-8DEA-72F876C40B25}.Release|Any CPU.Build.0 = Release|Any CPU
		{2551B481-AA79-4A54-BA2D-1AE40E2B3AA6}.Debug|Any CPU.ActiveCfg = Debug|Any CPU
		{2551B481-AA79-4A54-BA2D-1AE40E2B3AA6}.Debug|Any CPU.Build.0 = Debug|Any CPU
		{2551B481-AA79-4A54-BA2D-1AE40E2B3AA6}.Release|Any CPU.ActiveCfg = Release|Any CPU
		{2551B481-AA79-4A54-BA2D-1AE40E2B3AA6}.Release|Any CPU.Build.0 = Release|Any CPU
		{4F1307B5-F7D9-46CE-9CDF-207B4E2E8AFC}.Debug|Any CPU.ActiveCfg = Debug|Any CPU
		{4F1307B5-F7D9-46CE-9CDF-207B4E2E8AFC}.Debug|Any CPU.Build.0 = Debug|Any CPU
		{4F1307B5-F7D9-46CE-9CDF-207B4E2E8AFC}.Release|Any CPU.ActiveCfg = Release|Any CPU
		{4F1307B5-F7D9-46CE-9CDF-207B4E2E8AFC}.Release|Any CPU.Build.0 = Release|Any CPU
		{600C2311-DB28-4FC1-A67F-AF92D4261060}.Debug|Any CPU.ActiveCfg = Debug|Any CPU
		{600C2311-DB28-4FC1-A67F-AF92D4261060}.Debug|Any CPU.Build.0 = Debug|Any CPU
		{600C2311-DB28-4FC1-A67F-AF92D4261060}.Release|Any CPU.ActiveCfg = Release|Any CPU
		{600C2311-DB28-4FC1-A67F-AF92D4261060}.Release|Any CPU.Build.0 = Release|Any CPU
	EndGlobalSection
	GlobalSection(SolutionProperties) = preSolution
		HideSolutionNode = FALSE
	EndGlobalSection
	GlobalSection(NestedProjects) = preSolution
		{88BB1BA9-5F5A-4526-8BC8-DF9FBF5967D0} = {B1404751-F193-4A83-81FE-4CDEF5A00BDA}
		{760257C4-F772-4353-9DEF-4CD778C4F357} = {88BB1BA9-5F5A-4526-8BC8-DF9FBF5967D0}
		{65342EB3-73A6-44D3-8110-026E40ADAFFB} = {B1404751-F193-4A83-81FE-4CDEF5A00BDA}
		{2551B481-AA79-4A54-BA2D-1AE40E2B3AA6} = {65342EB3-73A6-44D3-8110-026E40ADAFFB}
		{C521FF3C-9EE2-4AFA-B452-C1B25A89E1A6} = {B1404751-F193-4A83-81FE-4CDEF5A00BDA}
		{4F1307B5-F7D9-46CE-9CDF-207B4E2E8AFC} = {C521FF3C-9EE2-4AFA-B452-C1B25A89E1A6}
		{600C2311-DB28-4FC1-A67F-AF92D4261060} = {C521FF3C-9EE2-4AFA-B452-C1B25A89E1A6}
	EndGlobalSection
	GlobalSection(ExtensibilityGlobals) = postSolution
		SolutionGuid = {F649C29E-D0E6-433F-B6B2-0CC1C133B9AE}
	EndGlobalSection
EndGlobal
